// !$*UTF8*$!
{
	archiveVersion = 1;
	classes = {
	};
	objectVersion = 52;
	objects = {

/* Begin PBXBuildFile section */
		15BF689E2732FAC200552288 /* DataStuctures.swift in Sources */ = {isa = PBXBuildFile; fileRef = 15BF689D2732FAC100552288 /* DataStuctures.swift */; };
		15BF68A02733D46A00552288 /* HomeController.swift in Sources */ = {isa = PBXBuildFile; fileRef = CE891304263581D900CB92AF /* HomeController.swift */; };
		15BF68A12733D46D00552288 /* HomeController.swift in Sources */ = {isa = PBXBuildFile; fileRef = CE891304263581D900CB92AF /* HomeController.swift */; };
		5C2E51262681E50700712521 /* CountryDataManager.swift in Sources */ = {isa = PBXBuildFile; fileRef = 5C2E51252681E50700712521 /* CountryDataManager.swift */; };
		5C2E51282682152F00712521 /* RulesDataManager.swift in Sources */ = {isa = PBXBuildFile; fileRef = 5C2E51272682152F00712521 /* RulesDataManager.swift */; };
		5C2E51292682152F00712521 /* RulesDataManager.swift in Sources */ = {isa = PBXBuildFile; fileRef = 5C2E51272682152F00712521 /* RulesDataManager.swift */; };
		5C2E512A2682152F00712521 /* RulesDataManager.swift in Sources */ = {isa = PBXBuildFile; fileRef = 5C2E51272682152F00712521 /* RulesDataManager.swift */; };
		5C3151E92681BDCF00309E45 /* CertLogic in Frameworks */ = {isa = PBXBuildFile; productRef = 5C3151E82681BDCF00309E45 /* CertLogic */; };
		5C696F5826836F280005DE71 /* SwiftyJSON in Frameworks */ = {isa = PBXBuildFile; productRef = 5C696F5726836F280005DE71 /* SwiftyJSON */; };
		5C696F5A268372280005DE71 /* CertLogicManager.swift in Sources */ = {isa = PBXBuildFile; fileRef = 5C696F59268372280005DE71 /* CertLogicManager.swift */; };
		5C696F5C2686670D0005DE71 /* ValueSetsDataManager.swift in Sources */ = {isa = PBXBuildFile; fileRef = 5C696F5B2686670D0005DE71 /* ValueSetsDataManager.swift */; };
		5C9C65A426A8507A00F14FC2 /* README.md in Resources */ = {isa = PBXBuildFile; fileRef = CE81533B263FF8FE0030D777 /* README.md */; };
		5CA4509C26DCCA770029324E /* NFCHelper.swift in Sources */ = {isa = PBXBuildFile; fileRef = 5CA4509B26DCCA770029324E /* NFCHelper.swift */; };
		5CA4509D26DCCA770029324E /* NFCHelper.swift in Sources */ = {isa = PBXBuildFile; fileRef = 5CA4509B26DCCA770029324E /* NFCHelper.swift */; };
		5CA4509E26DCCA770029324E /* NFCHelper.swift in Sources */ = {isa = PBXBuildFile; fileRef = 5CA4509B26DCCA770029324E /* NFCHelper.swift */; };
		5CA450A626E0BA640029324E /* DebugController.swift in Sources */ = {isa = PBXBuildFile; fileRef = 5CA450A526E0BA640029324E /* DebugController.swift */; };
		5CA450A726E0BA640029324E /* DebugController.swift in Sources */ = {isa = PBXBuildFile; fileRef = 5CA450A526E0BA640029324E /* DebugController.swift */; };
		5CA450A826E0BA640029324E /* DebugController.swift in Sources */ = {isa = PBXBuildFile; fileRef = 5CA450A526E0BA640029324E /* DebugController.swift */; };
		5CA450AD26E0F4C20029324E /* DebugCell.swift in Sources */ = {isa = PBXBuildFile; fileRef = 5CA450AC26E0F4C20029324E /* DebugCell.swift */; };
		5CA450AE26E0F4C20029324E /* DebugCell.swift in Sources */ = {isa = PBXBuildFile; fileRef = 5CA450AC26E0F4C20029324E /* DebugCell.swift */; };
		5CA450AF26E0F4C20029324E /* DebugCell.swift in Sources */ = {isa = PBXBuildFile; fileRef = 5CA450AC26E0F4C20029324E /* DebugCell.swift */; };
		5CA450B426E605710029324E /* DebugManager.swift in Sources */ = {isa = PBXBuildFile; fileRef = 5CA450B326E605710029324E /* DebugManager.swift */; };
		5CA450B526E605710029324E /* DebugManager.swift in Sources */ = {isa = PBXBuildFile; fileRef = 5CA450B326E605710029324E /* DebugManager.swift */; };
		5CA450B626E605710029324E /* DebugManager.swift in Sources */ = {isa = PBXBuildFile; fileRef = 5CA450B326E605710029324E /* DebugManager.swift */; };
		5CA450BA26E7419F0029324E /* DebugSectionCell.swift in Sources */ = {isa = PBXBuildFile; fileRef = 5CA450B826E7419F0029324E /* DebugSectionCell.swift */; };
		5CA450BB26E7419F0029324E /* DebugSectionCell.swift in Sources */ = {isa = PBXBuildFile; fileRef = 5CA450B826E7419F0029324E /* DebugSectionCell.swift */; };
		5CA450BC26E7419F0029324E /* DebugSectionCell.swift in Sources */ = {isa = PBXBuildFile; fileRef = 5CA450B826E7419F0029324E /* DebugSectionCell.swift */; };
		5CA450C226E741BB0029324E /* DebugRawCell.swift in Sources */ = {isa = PBXBuildFile; fileRef = 5CA450C026E741BB0029324E /* DebugRawCell.swift */; };
		5CA450C326E741BB0029324E /* DebugRawCell.swift in Sources */ = {isa = PBXBuildFile; fileRef = 5CA450C026E741BB0029324E /* DebugRawCell.swift */; };
		5CA450C426E741BB0029324E /* DebugRawCell.swift in Sources */ = {isa = PBXBuildFile; fileRef = 5CA450C026E741BB0029324E /* DebugRawCell.swift */; };
		5CA450CA26E7421C0029324E /* DebugValidationCell.swift in Sources */ = {isa = PBXBuildFile; fileRef = 5CA450C826E7421C0029324E /* DebugValidationCell.swift */; };
		5CA450CB26E7421C0029324E /* DebugValidationCell.swift in Sources */ = {isa = PBXBuildFile; fileRef = 5CA450C826E7421C0029324E /* DebugValidationCell.swift */; };
		5CA450CC26E7421C0029324E /* DebugValidationCell.swift in Sources */ = {isa = PBXBuildFile; fileRef = 5CA450C826E7421C0029324E /* DebugValidationCell.swift */; };
		5CA450D126E74B000029324E /* DebugSectionModel.swift in Sources */ = {isa = PBXBuildFile; fileRef = 5CA450D026E74B000029324E /* DebugSectionModel.swift */; };
		5CA450D226E74B000029324E /* DebugSectionModel.swift in Sources */ = {isa = PBXBuildFile; fileRef = 5CA450D026E74B000029324E /* DebugSectionModel.swift */; };
		5CA450D326E74B000029324E /* DebugSectionModel.swift in Sources */ = {isa = PBXBuildFile; fileRef = 5CA450D026E74B000029324E /* DebugSectionModel.swift */; };
		5CA450DF26E78D990029324E /* InfoCell.swift in Sources */ = {isa = PBXBuildFile; fileRef = 5CA450DD26E78D990029324E /* InfoCell.swift */; };
		5CA450E026E78D990029324E /* InfoCell.swift in Sources */ = {isa = PBXBuildFile; fileRef = 5CA450DD26E78D990029324E /* InfoCell.swift */; };
		5CA450E126E78D990029324E /* InfoCell.swift in Sources */ = {isa = PBXBuildFile; fileRef = 5CA450DD26E78D990029324E /* InfoCell.swift */; };
		5CA450E726E78DB50029324E /* InfoCellDropDown.swift in Sources */ = {isa = PBXBuildFile; fileRef = 5CA450E526E78DB50029324E /* InfoCellDropDown.swift */; };
		5CA450E826E78DB50029324E /* InfoCellDropDown.swift in Sources */ = {isa = PBXBuildFile; fileRef = 5CA450E526E78DB50029324E /* InfoCellDropDown.swift */; };
		5CA450E926E78DB50029324E /* InfoCellDropDown.swift in Sources */ = {isa = PBXBuildFile; fileRef = 5CA450E526E78DB50029324E /* InfoCellDropDown.swift */; };
		5CAC4435268A584400E09EAC /* SwiftDGC in Frameworks */ = {isa = PBXBuildFile; productRef = 5CAC4434268A584400E09EAC /* SwiftDGC */; };
		5CE07C8926938DE700A032F9 /* RuleErrorCell.swift in Sources */ = {isa = PBXBuildFile; fileRef = 5CE07C8726938DE700A032F9 /* RuleErrorCell.swift */; };
		5CE07C8A26938DE700A032F9 /* RuleErrorCell.swift in Sources */ = {isa = PBXBuildFile; fileRef = 5CE07C8726938DE700A032F9 /* RuleErrorCell.swift */; };
		5CE07C8B26938DE700A032F9 /* RuleErrorCell.swift in Sources */ = {isa = PBXBuildFile; fileRef = 5CE07C8726938DE700A032F9 /* RuleErrorCell.swift */; };
		5CEA55BE26E9EAF000269702 /* awesome.ttf in Resources */ = {isa = PBXBuildFile; fileRef = 5CEA55BD26E9EAF000269702 /* awesome.ttf */; };
		5CEA55BF26E9EAF000269702 /* awesome.ttf in Resources */ = {isa = PBXBuildFile; fileRef = 5CEA55BD26E9EAF000269702 /* awesome.ttf */; };
		5CEA55C026E9EAF000269702 /* awesome.ttf in Resources */ = {isa = PBXBuildFile; fileRef = 5CEA55BD26E9EAF000269702 /* awesome.ttf */; };
		5CEA55C526EF59D600269702 /* ZipManager.swift in Sources */ = {isa = PBXBuildFile; fileRef = 5CEA55C426EF59D600269702 /* ZipManager.swift */; };
		5CEA55C626EF5D3B00269702 /* ZipManager.swift in Sources */ = {isa = PBXBuildFile; fileRef = 5CEA55C426EF59D600269702 /* ZipManager.swift */; };
		5CEA55C726EF5D3B00269702 /* ZipManager.swift in Sources */ = {isa = PBXBuildFile; fileRef = 5CEA55C426EF59D600269702 /* ZipManager.swift */; };
		CE13CF00262DCC180070C80E /* (null) in Frameworks */ = {isa = PBXBuildFile; };
		CE13CF0A262DCDDA0070C80E /* CertificateViewerController.swift in Sources */ = {isa = PBXBuildFile; fileRef = CE13CF09262DCDDA0070C80E /* CertificateViewerController.swift */; };
		CE13CF23262DDF810070C80E /* RoundedButton.swift in Sources */ = {isa = PBXBuildFile; fileRef = CE13CF22262DDF810070C80E /* RoundedButton.swift */; };
		CE1D1EF6263597A2004C8919 /* LocalDataManager.swift in Sources */ = {isa = PBXBuildFile; fileRef = CE1D1EF5263597A2004C8919 /* LocalDataManager.swift */; };
		CE345FAC26446694003B457E /* Settings.storyboard in Resources */ = {isa = PBXBuildFile; fileRef = CE345FAE26446694003B457E /* Settings.storyboard */; };
		CE345FAF264466AA003B457E /* CertificateViewer.storyboard in Resources */ = {isa = PBXBuildFile; fileRef = CE345FB1264466AA003B457E /* CertificateViewer.storyboard */; };
		CE345FB426446817003B457E /* Localizable.strings in Resources */ = {isa = PBXBuildFile; fileRef = CE345FB626446817003B457E /* Localizable.strings */; };
		CE37B643263867D700DEE13D /* SecureBackground.swift in Sources */ = {isa = PBXBuildFile; fileRef = CE37B642263867D700DEE13D /* SecureBackground.swift */; };
		CE59D1B626428D78004EBDD6 /* SettingsController.swift in Sources */ = {isa = PBXBuildFile; fileRef = CE59D1B526428D78004EBDD6 /* SettingsController.swift */; };
		CE713CD22651A65F003DD1DE /* SwiftDGC in Frameworks */ = {isa = PBXBuildFile; productRef = CE713CD12651A65F003DD1DE /* SwiftDGC */; };
		CE8096D9263B07BB00A65AD6 /* UIColor.swift in Sources */ = {isa = PBXBuildFile; fileRef = CE8096D8263B07BB00A65AD6 /* UIColor.swift */; };
		CE8912F52634C60E00CB92AF /* GatewayConnection.swift in Sources */ = {isa = PBXBuildFile; fileRef = CE8912F42634C60E00CB92AF /* GatewayConnection.swift */; };
		CE8912FB2634C6B900CB92AF /* Alamofire in Frameworks */ = {isa = PBXBuildFile; productRef = CE8912FA2634C6B900CB92AF /* Alamofire */; };
		CE891305263581D900CB92AF /* HomeController.swift in Sources */ = {isa = PBXBuildFile; fileRef = CE891304263581D900CB92AF /* HomeController.swift */; };
		CEA6D6EC261F8D2700715333 /* AppDelegate.swift in Sources */ = {isa = PBXBuildFile; fileRef = CEA6D6EB261F8D2700715333 /* AppDelegate.swift */; };
		CEA6D6EE261F8D2700715333 /* SceneDelegate.swift in Sources */ = {isa = PBXBuildFile; fileRef = CEA6D6ED261F8D2700715333 /* SceneDelegate.swift */; };
		CEA6D6F3261F8D2700715333 /* Main.storyboard in Resources */ = {isa = PBXBuildFile; fileRef = CEA6D6F1261F8D2700715333 /* Main.storyboard */; };
		CEA6D6F5261F8D2900715333 /* Assets.xcassets in Resources */ = {isa = PBXBuildFile; fileRef = CEA6D6F4261F8D2900715333 /* Assets.xcassets */; };
		CEA6D6F8261F8D2900715333 /* LaunchScreen.storyboard in Resources */ = {isa = PBXBuildFile; fileRef = CEA6D6F6261F8D2900715333 /* LaunchScreen.storyboard */; };
		CEA6D703261F8D2900715333 /* DGCAVerifierTests.swift in Sources */ = {isa = PBXBuildFile; fileRef = CEA6D702261F8D2900715333 /* DGCAVerifierTests.swift */; };
		CEA6D70E261F8D2900715333 /* DGCAVerifierUITests.swift in Sources */ = {isa = PBXBuildFile; fileRef = CEA6D70D261F8D2900715333 /* DGCAVerifierUITests.swift */; };
		CED2726026398683003D47A9 /* UIFont.swift in Sources */ = {isa = PBXBuildFile; fileRef = CED2725F26398683003D47A9 /* UIFont.swift */; };
		CEFAD87F262714C4009AFEF9 /* EHNTests.swift in Sources */ = {isa = PBXBuildFile; fileRef = CEFAD87E262714C4009AFEF9 /* EHNTests.swift */; };
		D21581412731719500C98986 /* ValidityState.swift in Sources */ = {isa = PBXBuildFile; fileRef = D21581402731719500C98986 /* ValidityState.swift */; };
		D2158143273184E200C98986 /* LicenseController.swift in Sources */ = {isa = PBXBuildFile; fileRef = D2158142273184E200C98986 /* LicenseController.swift */; };
		D215814527329C9400C98986 /* DataCenter.swift in Sources */ = {isa = PBXBuildFile; fileRef = D215814427329C9400C98986 /* DataCenter.swift */; };
		D223A7F527396C4A00A05D31 /* context.jsonc in Resources */ = {isa = PBXBuildFile; fileRef = 5CFEDB0A269D72B600074F66 /* context.jsonc */; };
		D223A7F627396C4A00A05D31 /* context.jsonc in Resources */ = {isa = PBXBuildFile; fileRef = 5CFEDB0A269D72B600074F66 /* context.jsonc */; };
		D223A7F727396C4B00A05D31 /* context.jsonc in Resources */ = {isa = PBXBuildFile; fileRef = 5CFEDB0A269D72B600074F66 /* context.jsonc */; };
		D23EF79E272026A90097D82B /* CountryDataManager.swift in Sources */ = {isa = PBXBuildFile; fileRef = 5C2E51252681E50700712521 /* CountryDataManager.swift */; };
		D23EF79F272026AA0097D82B /* CountryDataManager.swift in Sources */ = {isa = PBXBuildFile; fileRef = 5C2E51252681E50700712521 /* CountryDataManager.swift */; };
		D23EF7A8272067E00097D82B /* LocalDataManager.swift in Sources */ = {isa = PBXBuildFile; fileRef = CE1D1EF5263597A2004C8919 /* LocalDataManager.swift */; };
		D23EF7A9272067E00097D82B /* LocalDataManager.swift in Sources */ = {isa = PBXBuildFile; fileRef = CE1D1EF5263597A2004C8919 /* LocalDataManager.swift */; };
		D23EF7AA272067F80097D82B /* ValueSetsDataManager.swift in Sources */ = {isa = PBXBuildFile; fileRef = 5C696F5B2686670D0005DE71 /* ValueSetsDataManager.swift */; };
		D23EF7AB272067F80097D82B /* ValueSetsDataManager.swift in Sources */ = {isa = PBXBuildFile; fileRef = 5C696F5B2686670D0005DE71 /* ValueSetsDataManager.swift */; };
		D23EF7AD272068D80097D82B /* CertificateValidator.swift in Sources */ = {isa = PBXBuildFile; fileRef = D23EF7AC272068D80097D82B /* CertificateValidator.swift */; };
		D23EF7B027206B280097D82B /* CertificateValidator.swift in Sources */ = {isa = PBXBuildFile; fileRef = D23EF7AC272068D80097D82B /* CertificateValidator.swift */; };
		D23EF7B127206B290097D82B /* CertificateValidator.swift in Sources */ = {isa = PBXBuildFile; fileRef = D23EF7AC272068D80097D82B /* CertificateValidator.swift */; };
		D23EF7BB272094CB0097D82B /* ScanCertificateController.swift in Sources */ = {isa = PBXBuildFile; fileRef = D23EF7BA272094CB0097D82B /* ScanCertificateController.swift */; };
		D2768F7927356C8C006C7E17 /* SharedConstants.swift in Sources */ = {isa = PBXBuildFile; fileRef = D2768F7827356C8C006C7E17 /* SharedConstants.swift */; };
		D2B70B01271DAC17003B0AA6 /* UIColor.swift in Sources */ = {isa = PBXBuildFile; fileRef = CE8096D8263B07BB00A65AD6 /* UIColor.swift */; };
		D2B70B02271DAC17003B0AA6 /* UIColor.swift in Sources */ = {isa = PBXBuildFile; fileRef = CE8096D8263B07BB00A65AD6 /* UIColor.swift */; };
		D2B70B03271DAC20003B0AA6 /* UIFont.swift in Sources */ = {isa = PBXBuildFile; fileRef = CED2725F26398683003D47A9 /* UIFont.swift */; };
		D2B70B04271DAC20003B0AA6 /* UIFont.swift in Sources */ = {isa = PBXBuildFile; fileRef = CED2725F26398683003D47A9 /* UIFont.swift */; };
		D2B87DA4272C30FA00B0BE19 /* HCertValidity+UIKit.swift in Sources */ = {isa = PBXBuildFile; fileRef = D2B87DA3272C30FA00B0BE19 /* HCertValidity+UIKit.swift */; };
		DA793258265BBFB50043BA06 /* LicenseTableController.swift in Sources */ = {isa = PBXBuildFile; fileRef = DA793257265BBFB50043BA06 /* LicenseTableController.swift */; };
		DA79325A265BC00F0043BA06 /* LicenseCell.swift in Sources */ = {isa = PBXBuildFile; fileRef = DA793259265BC00F0043BA06 /* LicenseCell.swift */; };
		DA81E47E265E71B500C9F732 /* OpenSourceNotices.json in Resources */ = {isa = PBXBuildFile; fileRef = DA81E47D265E71B500C9F732 /* OpenSourceNotices.json */; };
		FEAAF97926EF2B3500757634 /* Zip in Frameworks */ = {isa = PBXBuildFile; productRef = FEAAF97826EF2B3500757634 /* Zip */; };
/* End PBXBuildFile section */

/* Begin PBXContainerItemProxy section */
		CEA6D6FF261F8D2900715333 /* PBXContainerItemProxy */ = {
			isa = PBXContainerItemProxy;
			containerPortal = CEA6D6E0261F8D2700715333 /* Project object */;
			proxyType = 1;
			remoteGlobalIDString = CEA6D6E7261F8D2700715333;
			remoteInfo = DGCAVerifier;
		};
		CEA6D70A261F8D2900715333 /* PBXContainerItemProxy */ = {
			isa = PBXContainerItemProxy;
			containerPortal = CEA6D6E0261F8D2700715333 /* Project object */;
			proxyType = 1;
			remoteGlobalIDString = CEA6D6E7261F8D2700715333;
			remoteInfo = DGCAVerifier;
		};
/* End PBXContainerItemProxy section */

/* Begin PBXFileReference section */
		15BF689D2732FAC100552288 /* DataStuctures.swift */ = {isa = PBXFileReference; lastKnownFileType = sourcecode.swift; path = DataStuctures.swift; sourceTree = "<group>"; };
		5C2E51252681E50700712521 /* CountryDataManager.swift */ = {isa = PBXFileReference; indentWidth = 2; lastKnownFileType = sourcecode.swift; path = CountryDataManager.swift; sourceTree = "<group>"; tabWidth = 2; };
		5C2E51272682152F00712521 /* RulesDataManager.swift */ = {isa = PBXFileReference; indentWidth = 2; lastKnownFileType = sourcecode.swift; path = RulesDataManager.swift; sourceTree = "<group>"; tabWidth = 2; };
		5C696F59268372280005DE71 /* CertLogicManager.swift */ = {isa = PBXFileReference; lastKnownFileType = sourcecode.swift; path = CertLogicManager.swift; sourceTree = "<group>"; };
		5C696F5B2686670D0005DE71 /* ValueSetsDataManager.swift */ = {isa = PBXFileReference; indentWidth = 2; lastKnownFileType = sourcecode.swift; path = ValueSetsDataManager.swift; sourceTree = "<group>"; tabWidth = 2; };
		5CA4509926DCCA010029324E /* DGCAVerifier.entitlements */ = {isa = PBXFileReference; lastKnownFileType = text.plist.entitlements; path = DGCAVerifier.entitlements; sourceTree = "<group>"; };
		5CA4509B26DCCA770029324E /* NFCHelper.swift */ = {isa = PBXFileReference; fileEncoding = 4; lastKnownFileType = sourcecode.swift; path = NFCHelper.swift; sourceTree = "<group>"; };
		5CA450A526E0BA640029324E /* DebugController.swift */ = {isa = PBXFileReference; indentWidth = 2; lastKnownFileType = sourcecode.swift; path = DebugController.swift; sourceTree = "<group>"; tabWidth = 2; };
		5CA450AC26E0F4C20029324E /* DebugCell.swift */ = {isa = PBXFileReference; lastKnownFileType = sourcecode.swift; path = DebugCell.swift; sourceTree = "<group>"; };
		5CA450B326E605710029324E /* DebugManager.swift */ = {isa = PBXFileReference; indentWidth = 2; lastKnownFileType = sourcecode.swift; path = DebugManager.swift; sourceTree = "<group>"; tabWidth = 2; };
		5CA450B826E7419F0029324E /* DebugSectionCell.swift */ = {isa = PBXFileReference; indentWidth = 2; lastKnownFileType = sourcecode.swift; path = DebugSectionCell.swift; sourceTree = "<group>"; tabWidth = 2; };
		5CA450C026E741BB0029324E /* DebugRawCell.swift */ = {isa = PBXFileReference; indentWidth = 2; lastKnownFileType = sourcecode.swift; path = DebugRawCell.swift; sourceTree = "<group>"; tabWidth = 2; };
		5CA450C826E7421C0029324E /* DebugValidationCell.swift */ = {isa = PBXFileReference; indentWidth = 2; lastKnownFileType = sourcecode.swift; path = DebugValidationCell.swift; sourceTree = "<group>"; tabWidth = 2; };
		5CA450D026E74B000029324E /* DebugSectionModel.swift */ = {isa = PBXFileReference; indentWidth = 2; lastKnownFileType = sourcecode.swift; path = DebugSectionModel.swift; sourceTree = "<group>"; tabWidth = 2; };
		5CA450DD26E78D990029324E /* InfoCell.swift */ = {isa = PBXFileReference; indentWidth = 2; lastKnownFileType = sourcecode.swift; path = InfoCell.swift; sourceTree = "<group>"; tabWidth = 2; };
		5CA450E526E78DB50029324E /* InfoCellDropDown.swift */ = {isa = PBXFileReference; indentWidth = 2; lastKnownFileType = sourcecode.swift; path = InfoCellDropDown.swift; sourceTree = "<group>"; tabWidth = 2; };
		5CE07C8726938DE700A032F9 /* RuleErrorCell.swift */ = {isa = PBXFileReference; indentWidth = 2; lastKnownFileType = sourcecode.swift; path = RuleErrorCell.swift; sourceTree = "<group>"; tabWidth = 2; usesTabs = 0; };
		5CEA55BD26E9EAF000269702 /* awesome.ttf */ = {isa = PBXFileReference; lastKnownFileType = file; path = awesome.ttf; sourceTree = "<group>"; };
		5CEA55C426EF59D600269702 /* ZipManager.swift */ = {isa = PBXFileReference; fileEncoding = 4; indentWidth = 2; lastKnownFileType = sourcecode.swift; path = ZipManager.swift; sourceTree = "<group>"; tabWidth = 2; };
		5CFEDB0A269D72B600074F66 /* context.jsonc */ = {isa = PBXFileReference; fileEncoding = 4; lastKnownFileType = text; path = context.jsonc; sourceTree = "<group>"; };
		5CFEDB0C269D72B600074F66 /* context.jsonc */ = {isa = PBXFileReference; fileEncoding = 4; lastKnownFileType = text; path = context.jsonc; sourceTree = "<group>"; };
		CE13CF09262DCDDA0070C80E /* CertificateViewerController.swift */ = {isa = PBXFileReference; indentWidth = 2; lastKnownFileType = sourcecode.swift; lineEnding = 1; path = CertificateViewerController.swift; sourceTree = "<group>"; tabWidth = 2; };
		CE13CF22262DDF810070C80E /* RoundedButton.swift */ = {isa = PBXFileReference; lastKnownFileType = sourcecode.swift; path = RoundedButton.swift; sourceTree = "<group>"; };
		CE1D1EF5263597A2004C8919 /* LocalDataManager.swift */ = {isa = PBXFileReference; indentWidth = 2; lastKnownFileType = sourcecode.swift; path = LocalDataManager.swift; sourceTree = "<group>"; tabWidth = 2; };
		CE345FAD26446694003B457E /* Base */ = {isa = PBXFileReference; lastKnownFileType = file.storyboard; name = Base; path = Base.lproj/Settings.storyboard; sourceTree = "<group>"; };
		CE345FB0264466AA003B457E /* Base */ = {isa = PBXFileReference; lastKnownFileType = file.storyboard; name = Base; path = Base.lproj/CertificateViewer.storyboard; sourceTree = "<group>"; };
		CE345FB526446817003B457E /* en */ = {isa = PBXFileReference; lastKnownFileType = text.plist.strings; name = en; path = en.lproj/Localizable.strings; sourceTree = "<group>"; };
		CE37B642263867D700DEE13D /* SecureBackground.swift */ = {isa = PBXFileReference; lastKnownFileType = sourcecode.swift; path = SecureBackground.swift; sourceTree = "<group>"; };
		CE59D1B526428D78004EBDD6 /* SettingsController.swift */ = {isa = PBXFileReference; indentWidth = 2; lastKnownFileType = sourcecode.swift; path = SettingsController.swift; sourceTree = "<group>"; tabWidth = 2; };
		CE8096D8263B07BB00A65AD6 /* UIColor.swift */ = {isa = PBXFileReference; lastKnownFileType = sourcecode.swift; path = UIColor.swift; sourceTree = "<group>"; };
		CE81533B263FF8FE0030D777 /* README.md */ = {isa = PBXFileReference; fileEncoding = 4; lastKnownFileType = net.daringfireball.markdown; path = README.md; sourceTree = SOURCE_ROOT; };
		CE8912F42634C60E00CB92AF /* GatewayConnection.swift */ = {isa = PBXFileReference; indentWidth = 2; lastKnownFileType = sourcecode.swift; path = GatewayConnection.swift; sourceTree = "<group>"; tabWidth = 2; };
		CE891304263581D900CB92AF /* HomeController.swift */ = {isa = PBXFileReference; indentWidth = 2; lastKnownFileType = sourcecode.swift; path = HomeController.swift; sourceTree = "<group>"; tabWidth = 2; };
		CEA6D6E8261F8D2700715333 /* DGCAVerifier.app */ = {isa = PBXFileReference; explicitFileType = wrapper.application; includeInIndex = 0; path = DGCAVerifier.app; sourceTree = BUILT_PRODUCTS_DIR; };
		CEA6D6EB261F8D2700715333 /* AppDelegate.swift */ = {isa = PBXFileReference; lastKnownFileType = sourcecode.swift; path = AppDelegate.swift; sourceTree = "<group>"; };
		CEA6D6ED261F8D2700715333 /* SceneDelegate.swift */ = {isa = PBXFileReference; lastKnownFileType = sourcecode.swift; path = SceneDelegate.swift; sourceTree = "<group>"; };
		CEA6D6F2261F8D2700715333 /* Base */ = {isa = PBXFileReference; lastKnownFileType = file.storyboard; name = Base; path = Base.lproj/Main.storyboard; sourceTree = "<group>"; };
		CEA6D6F4261F8D2900715333 /* Assets.xcassets */ = {isa = PBXFileReference; lastKnownFileType = folder.assetcatalog; path = Assets.xcassets; sourceTree = "<group>"; };
		CEA6D6F7261F8D2900715333 /* Base */ = {isa = PBXFileReference; lastKnownFileType = file.storyboard; name = Base; path = Base.lproj/LaunchScreen.storyboard; sourceTree = "<group>"; };
		CEA6D6F9261F8D2900715333 /* Info.plist */ = {isa = PBXFileReference; lastKnownFileType = text.plist.xml; path = Info.plist; sourceTree = "<group>"; };
		CEA6D6FE261F8D2900715333 /* DGCAVerifierTests.xctest */ = {isa = PBXFileReference; explicitFileType = wrapper.cfbundle; includeInIndex = 0; path = DGCAVerifierTests.xctest; sourceTree = BUILT_PRODUCTS_DIR; };
		CEA6D702261F8D2900715333 /* DGCAVerifierTests.swift */ = {isa = PBXFileReference; lastKnownFileType = sourcecode.swift; path = DGCAVerifierTests.swift; sourceTree = "<group>"; };
		CEA6D704261F8D2900715333 /* Info.plist */ = {isa = PBXFileReference; lastKnownFileType = text.plist.xml; path = Info.plist; sourceTree = "<group>"; };
		CEA6D709261F8D2900715333 /* DGCAVerifierUITests.xctest */ = {isa = PBXFileReference; explicitFileType = wrapper.cfbundle; includeInIndex = 0; path = DGCAVerifierUITests.xctest; sourceTree = BUILT_PRODUCTS_DIR; };
		CEA6D70D261F8D2900715333 /* DGCAVerifierUITests.swift */ = {isa = PBXFileReference; lastKnownFileType = sourcecode.swift; path = DGCAVerifierUITests.swift; sourceTree = "<group>"; };
		CEA6D70F261F8D2900715333 /* Info.plist */ = {isa = PBXFileReference; lastKnownFileType = text.plist.xml; path = Info.plist; sourceTree = "<group>"; };
		CED2725F26398683003D47A9 /* UIFont.swift */ = {isa = PBXFileReference; lastKnownFileType = sourcecode.swift; path = UIFont.swift; sourceTree = "<group>"; };
		CEDCA79B2639E77800FCB83E /* Package.resolved */ = {isa = PBXFileReference; lastKnownFileType = text; name = Package.resolved; path = DGCAVerifier.xcodeproj/project.xcworkspace/xcshareddata/swiftpm/Package.resolved; sourceTree = SOURCE_ROOT; };
		CEFAD87E262714C4009AFEF9 /* EHNTests.swift */ = {isa = PBXFileReference; lastKnownFileType = sourcecode.swift; path = EHNTests.swift; sourceTree = "<group>"; };
		D21581402731719500C98986 /* ValidityState.swift */ = {isa = PBXFileReference; lastKnownFileType = sourcecode.swift; path = ValidityState.swift; sourceTree = "<group>"; };
		D2158142273184E200C98986 /* LicenseController.swift */ = {isa = PBXFileReference; lastKnownFileType = sourcecode.swift; path = LicenseController.swift; sourceTree = "<group>"; };
		D215814427329C9400C98986 /* DataCenter.swift */ = {isa = PBXFileReference; indentWidth = 2; lastKnownFileType = sourcecode.swift; path = DataCenter.swift; sourceTree = "<group>"; tabWidth = 2; };
		D23EF7AC272068D80097D82B /* CertificateValidator.swift */ = {isa = PBXFileReference; fileEncoding = 4; indentWidth = 2; lastKnownFileType = sourcecode.swift; path = CertificateValidator.swift; sourceTree = "<group>"; tabWidth = 2; };
		D23EF7BA272094CB0097D82B /* ScanCertificateController.swift */ = {isa = PBXFileReference; fileEncoding = 4; indentWidth = 2; lastKnownFileType = sourcecode.swift; path = ScanCertificateController.swift; sourceTree = "<group>"; tabWidth = 2; usesTabs = 0; };
		D2768F7827356C8C006C7E17 /* SharedConstants.swift */ = {isa = PBXFileReference; lastKnownFileType = sourcecode.swift; path = SharedConstants.swift; sourceTree = "<group>"; };
		D2867F332715E4D60017321D /* dgca-app-core-ios */ = {isa = PBXFileReference; lastKnownFileType = folder; name = "dgca-app-core-ios"; path = "../../dgca-app-core-ios"; sourceTree = "<group>"; };
		D2B87DA3272C30FA00B0BE19 /* HCertValidity+UIKit.swift */ = {isa = PBXFileReference; indentWidth = 2; lastKnownFileType = sourcecode.swift; path = "HCertValidity+UIKit.swift"; sourceTree = "<group>"; tabWidth = 2; };
		DA793257265BBFB50043BA06 /* LicenseTableController.swift */ = {isa = PBXFileReference; lastKnownFileType = sourcecode.swift; path = LicenseTableController.swift; sourceTree = "<group>"; };
		DA793259265BC00F0043BA06 /* LicenseCell.swift */ = {isa = PBXFileReference; lastKnownFileType = sourcecode.swift; path = LicenseCell.swift; sourceTree = "<group>"; };
		DA81E47D265E71B500C9F732 /* OpenSourceNotices.json */ = {isa = PBXFileReference; lastKnownFileType = text.json; path = OpenSourceNotices.json; sourceTree = "<group>"; };
/* End PBXFileReference section */

/* Begin PBXFrameworksBuildPhase section */
		CEA6D6E5261F8D2700715333 /* Frameworks */ = {
			isa = PBXFrameworksBuildPhase;
			buildActionMask = 2147483647;
			files = (
				5C3151E92681BDCF00309E45 /* CertLogic in Frameworks */,
				CE8912FB2634C6B900CB92AF /* Alamofire in Frameworks */,
				5C696F5826836F280005DE71 /* SwiftyJSON in Frameworks */,
				5CAC4435268A584400E09EAC /* SwiftDGC in Frameworks */,
				CE13CF00262DCC180070C80E /* (null) in Frameworks */,
				FEAAF97926EF2B3500757634 /* Zip in Frameworks */,
				CE713CD22651A65F003DD1DE /* SwiftDGC in Frameworks */,
			);
			runOnlyForDeploymentPostprocessing = 0;
		};
		CEA6D6FB261F8D2900715333 /* Frameworks */ = {
			isa = PBXFrameworksBuildPhase;
			buildActionMask = 2147483647;
			files = (
			);
			runOnlyForDeploymentPostprocessing = 0;
		};
		CEA6D706261F8D2900715333 /* Frameworks */ = {
			isa = PBXFrameworksBuildPhase;
			buildActionMask = 2147483647;
			files = (
			);
			runOnlyForDeploymentPostprocessing = 0;
		};
/* End PBXFrameworksBuildPhase section */

/* Begin PBXGroup section */
		15BF689F273304CD00552288 /* LocalDataManagement */ = {
			isa = PBXGroup;
			children = (
				15BF689D2732FAC100552288 /* DataStuctures.swift */,
				D215814427329C9400C98986 /* DataCenter.swift */,
				CE1D1EF5263597A2004C8919 /* LocalDataManager.swift */,
				5C2E51252681E50700712521 /* CountryDataManager.swift */,
				5C2E51272682152F00712521 /* RulesDataManager.swift */,
				5C696F5B2686670D0005DE71 /* ValueSetsDataManager.swift */,
			);
			path = LocalDataManagement;
			sourceTree = "<group>";
		};
		5CA4509A26DCCA770029324E /* NFC */ = {
			isa = PBXGroup;
			children = (
				5CA4509B26DCCA770029324E /* NFCHelper.swift */,
			);
			path = NFC;
			sourceTree = "<group>";
		};
		5CA450B726E741820029324E /* DebugCells */ = {
			isa = PBXGroup;
			children = (
				5CA450B826E7419F0029324E /* DebugSectionCell.swift */,
				5CA450C026E741BB0029324E /* DebugRawCell.swift */,
				5CA450C826E7421C0029324E /* DebugValidationCell.swift */,
				5CA450AC26E0F4C20029324E /* DebugCell.swift */,
			);
			path = DebugCells;
			sourceTree = "<group>";
		};
		5CA450DC26E78D850029324E /* Info */ = {
			isa = PBXGroup;
			children = (
				5CA450DD26E78D990029324E /* InfoCell.swift */,
				5CA450E526E78DB50029324E /* InfoCellDropDown.swift */,
				DA793259265BC00F0043BA06 /* LicenseCell.swift */,
				5CE07C8726938DE700A032F9 /* RuleErrorCell.swift */,
			);
			path = Info;
			sourceTree = "<group>";
		};
		5CFEDB08269D72B600074F66 /* context */ = {
			isa = PBXGroup;
			children = (
				5CFEDB09269D72B600074F66 /* Test */,
				5CFEDB0B269D72B600074F66 /* Release */,
			);
			path = context;
			sourceTree = SOURCE_ROOT;
		};
		5CFEDB09269D72B600074F66 /* Test */ = {
			isa = PBXGroup;
			children = (
				5CFEDB0A269D72B600074F66 /* context.jsonc */,
			);
			path = Test;
			sourceTree = "<group>";
		};
		5CFEDB0B269D72B600074F66 /* Release */ = {
			isa = PBXGroup;
			children = (
				5CFEDB0C269D72B600074F66 /* context.jsonc */,
			);
			path = Release;
			sourceTree = "<group>";
		};
		CE13CF19262DDE200070C80E /* Storyboards */ = {
			isa = PBXGroup;
			children = (
				CEA6D6F6261F8D2900715333 /* LaunchScreen.storyboard */,
				CEA6D6F1261F8D2700715333 /* Main.storyboard */,
				CE345FB1264466AA003B457E /* CertificateViewer.storyboard */,
				CE345FAE26446694003B457E /* Settings.storyboard */,
			);
			path = Storyboards;
			sourceTree = "<group>";
		};
		CE13CF1A262DDE330070C80E /* Services */ = {
			isa = PBXGroup;
			children = (
				5CEA55C426EF59D600269702 /* ZipManager.swift */,
				CE8912F42634C60E00CB92AF /* GatewayConnection.swift */,
				CE37B642263867D700DEE13D /* SecureBackground.swift */,
				5C696F59268372280005DE71 /* CertLogicManager.swift */,
				5CA450B326E605710029324E /* DebugManager.swift */,
			);
			path = Services;
			sourceTree = "<group>";
		};
		CE13CF1B262DDE540070C80E /* Extensions */ = {
			isa = PBXGroup;
			children = (
				CED2725F26398683003D47A9 /* UIFont.swift */,
				CE8096D8263B07BB00A65AD6 /* UIColor.swift */,
				D2B87DA3272C30FA00B0BE19 /* HCertValidity+UIKit.swift */,
				D21581402731719500C98986 /* ValidityState.swift */,
			);
			path = Extensions;
			sourceTree = "<group>";
		};
		CE13CF1C262DDE600070C80E /* ViewControllers */ = {
			isa = PBXGroup;
			children = (
				CE13CF09262DCDDA0070C80E /* CertificateViewerController.swift */,
				D23EF7BA272094CB0097D82B /* ScanCertificateController.swift */,
				CE891304263581D900CB92AF /* HomeController.swift */,
				CE59D1B526428D78004EBDD6 /* SettingsController.swift */,
				DA793257265BBFB50043BA06 /* LicenseTableController.swift */,
				D2158142273184E200C98986 /* LicenseController.swift */,
				5CA450A526E0BA640029324E /* DebugController.swift */,
			);
			path = ViewControllers;
			sourceTree = "<group>";
		};
		CE13CF1D262DDE730070C80E /* Components */ = {
			isa = PBXGroup;
			children = (
				5CA450DC26E78D850029324E /* Info */,
				5CA450B726E741820029324E /* DebugCells */,
				CE13CF22262DDF810070C80E /* RoundedButton.swift */,
			);
			path = Components;
			sourceTree = "<group>";
		};
		CE13CF1E262DDE800070C80E /* SupportingFiles */ = {
			isa = PBXGroup;
			children = (
				5CEA55BD26E9EAF000269702 /* awesome.ttf */,
				5CFEDB08269D72B600074F66 /* context */,
				CE81533B263FF8FE0030D777 /* README.md */,
				CEDCA79B2639E77800FCB83E /* Package.resolved */,
				CEA6D6EB261F8D2700715333 /* AppDelegate.swift */,
				CEA6D6ED261F8D2700715333 /* SceneDelegate.swift */,
				CEA6D6F4261F8D2900715333 /* Assets.xcassets */,
				CEA6D6F9261F8D2900715333 /* Info.plist */,
				CE345FB626446817003B457E /* Localizable.strings */,
				DA81E47D265E71B500C9F732 /* OpenSourceNotices.json */,
			);
			path = SupportingFiles;
			sourceTree = "<group>";
		};
		CE157F8B262E24EC00FE4821 /* Models */ = {
			isa = PBXGroup;
			children = (
				D2768F7827356C8C006C7E17 /* SharedConstants.swift */,
				D23EF7AC272068D80097D82B /* CertificateValidator.swift */,
				15BF689F273304CD00552288 /* LocalDataManagement */,
				5CA450D026E74B000029324E /* DebugSectionModel.swift */,
			);
			path = Models;
			sourceTree = "<group>";
		};
		CE56B5032639F48E00FB31B1 /* Frameworks */ = {
			isa = PBXGroup;
			children = (
			);
			name = Frameworks;
			sourceTree = "<group>";
		};
		CEA6D6DF261F8D2700715333 = {
			isa = PBXGroup;
			children = (
				CEA6D6EA261F8D2700715333 /* DGCAVerifier */,
				CEA6D701261F8D2900715333 /* DGCAVerifierTests */,
				CEA6D70C261F8D2900715333 /* DGCAVerifierUITests */,
				CEA6D6E9261F8D2700715333 /* Products */,
				CE56B5032639F48E00FB31B1 /* Frameworks */,
			);
			sourceTree = "<group>";
		};
		CEA6D6E9261F8D2700715333 /* Products */ = {
			isa = PBXGroup;
			children = (
				CEA6D6E8261F8D2700715333 /* DGCAVerifier.app */,
				CEA6D6FE261F8D2900715333 /* DGCAVerifierTests.xctest */,
				CEA6D709261F8D2900715333 /* DGCAVerifierUITests.xctest */,
			);
			name = Products;
			sourceTree = "<group>";
		};
		CEA6D6EA261F8D2700715333 /* DGCAVerifier */ = {
			isa = PBXGroup;
			children = (
				D2867F332715E4D60017321D /* dgca-app-core-ios */,
				CE13CF1E262DDE800070C80E /* SupportingFiles */,
				5CA4509A26DCCA770029324E /* NFC */,
				5CA4509926DCCA010029324E /* DGCAVerifier.entitlements */,
				CE157F8B262E24EC00FE4821 /* Models */,
				CE13CF1D262DDE730070C80E /* Components */,
				CE13CF1C262DDE600070C80E /* ViewControllers */,
				CE13CF1B262DDE540070C80E /* Extensions */,
				CE13CF1A262DDE330070C80E /* Services */,
				CE13CF19262DDE200070C80E /* Storyboards */,
			);
			path = DGCAVerifier;
			sourceTree = "<group>";
		};
		CEA6D701261F8D2900715333 /* DGCAVerifierTests */ = {
			isa = PBXGroup;
			children = (
				CEA6D702261F8D2900715333 /* DGCAVerifierTests.swift */,
				CEA6D704261F8D2900715333 /* Info.plist */,
				CEFAD87E262714C4009AFEF9 /* EHNTests.swift */,
			);
			path = DGCAVerifierTests;
			sourceTree = "<group>";
		};
		CEA6D70C261F8D2900715333 /* DGCAVerifierUITests */ = {
			isa = PBXGroup;
			children = (
				CEA6D70D261F8D2900715333 /* DGCAVerifierUITests.swift */,
				CEA6D70F261F8D2900715333 /* Info.plist */,
			);
			path = DGCAVerifierUITests;
			sourceTree = "<group>";
		};
/* End PBXGroup section */

/* Begin PBXNativeTarget section */
		CEA6D6E7261F8D2700715333 /* DGCAVerifier */ = {
			isa = PBXNativeTarget;
			buildConfigurationList = CEA6D712261F8D2900715333 /* Build configuration list for PBXNativeTarget "DGCAVerifier" */;
			buildPhases = (
				CEF91E4D264722D70018888D /* ShellScript */,
				CEA6D6E4261F8D2700715333 /* Sources */,
				CEA6D6E5261F8D2700715333 /* Frameworks */,
				CEA6D6E6261F8D2700715333 /* Resources */,
			);
			buildRules = (
			);
			dependencies = (
			);
			name = DGCAVerifier;
			packageProductDependencies = (
				CE8912FA2634C6B900CB92AF /* Alamofire */,
				CE713CD12651A65F003DD1DE /* SwiftDGC */,
				5C3151E82681BDCF00309E45 /* CertLogic */,
				5C696F5726836F280005DE71 /* SwiftyJSON */,
				5CAC4434268A584400E09EAC /* SwiftDGC */,
				FEAAF97826EF2B3500757634 /* Zip */,
			);
			productName = DGCAVerifier;
			productReference = CEA6D6E8261F8D2700715333 /* DGCAVerifier.app */;
			productType = "com.apple.product-type.application";
		};
		CEA6D6FD261F8D2900715333 /* DGCAVerifierTests */ = {
			isa = PBXNativeTarget;
			buildConfigurationList = CEA6D715261F8D2900715333 /* Build configuration list for PBXNativeTarget "DGCAVerifierTests" */;
			buildPhases = (
				CEA6D6FA261F8D2900715333 /* Sources */,
				CEA6D6FB261F8D2900715333 /* Frameworks */,
				CEA6D6FC261F8D2900715333 /* Resources */,
			);
			buildRules = (
			);
			dependencies = (
				CEA6D700261F8D2900715333 /* PBXTargetDependency */,
			);
			name = DGCAVerifierTests;
			productName = DGCAVerifierTests;
			productReference = CEA6D6FE261F8D2900715333 /* DGCAVerifierTests.xctest */;
			productType = "com.apple.product-type.bundle.unit-test";
		};
		CEA6D708261F8D2900715333 /* DGCAVerifierUITests */ = {
			isa = PBXNativeTarget;
			buildConfigurationList = CEA6D718261F8D2900715333 /* Build configuration list for PBXNativeTarget "DGCAVerifierUITests" */;
			buildPhases = (
				CEA6D705261F8D2900715333 /* Sources */,
				CEA6D706261F8D2900715333 /* Frameworks */,
				CEA6D707261F8D2900715333 /* Resources */,
			);
			buildRules = (
			);
			dependencies = (
				CEA6D70B261F8D2900715333 /* PBXTargetDependency */,
			);
			name = DGCAVerifierUITests;
			productName = DGCAVerifierUITests;
			productReference = CEA6D709261F8D2900715333 /* DGCAVerifierUITests.xctest */;
			productType = "com.apple.product-type.bundle.ui-testing";
		};
/* End PBXNativeTarget section */

/* Begin PBXProject section */
		CEA6D6E0261F8D2700715333 /* Project object */ = {
			isa = PBXProject;
			attributes = {
				LastSwiftUpdateCheck = 1240;
				LastUpgradeCheck = 1240;
				TargetAttributes = {
					CEA6D6E7261F8D2700715333 = {
						CreatedOnToolsVersion = 12.4;
					};
					CEA6D6FD261F8D2900715333 = {
						CreatedOnToolsVersion = 12.4;
						TestTargetID = CEA6D6E7261F8D2700715333;
					};
					CEA6D708261F8D2900715333 = {
						CreatedOnToolsVersion = 12.4;
						TestTargetID = CEA6D6E7261F8D2700715333;
					};
				};
			};
			buildConfigurationList = CEA6D6E3261F8D2700715333 /* Build configuration list for PBXProject "DGCAVerifier" */;
			compatibilityVersion = "Xcode 9.3";
			developmentRegion = en;
			hasScannedForEncodings = 0;
			knownRegions = (
				en,
				Base,
			);
			mainGroup = CEA6D6DF261F8D2700715333;
			packageReferences = (
				CE8912F92634C6B900CB92AF /* XCRemoteSwiftPackageReference "Alamofire" */,
				5C3151E72681BDCF00309E45 /* XCRemoteSwiftPackageReference "dgc-certlogic-ios" */,
				5C696F5626836F280005DE71 /* XCRemoteSwiftPackageReference "SwiftyJSON" */,
				5CAC4433268A584400E09EAC /* XCRemoteSwiftPackageReference "dgca-app-core-ios" */,
				FEAAF97726EF2B3500757634 /* XCRemoteSwiftPackageReference "Zip" */,
			);
			productRefGroup = CEA6D6E9261F8D2700715333 /* Products */;
			projectDirPath = "";
			projectRoot = "";
			targets = (
				CEA6D6E7261F8D2700715333 /* DGCAVerifier */,
				CEA6D6FD261F8D2900715333 /* DGCAVerifierTests */,
				CEA6D708261F8D2900715333 /* DGCAVerifierUITests */,
			);
		};
/* End PBXProject section */

/* Begin PBXResourcesBuildPhase section */
		CEA6D6E6261F8D2700715333 /* Resources */ = {
			isa = PBXResourcesBuildPhase;
			buildActionMask = 2147483647;
			files = (
				CE345FAF264466AA003B457E /* CertificateViewer.storyboard in Resources */,
				CEA6D6F8261F8D2900715333 /* LaunchScreen.storyboard in Resources */,
				5C9C65A426A8507A00F14FC2 /* README.md in Resources */,
				CE345FB426446817003B457E /* Localizable.strings in Resources */,
				CEA6D6F5261F8D2900715333 /* Assets.xcassets in Resources */,
				D223A7F527396C4A00A05D31 /* context.jsonc in Resources */,
				DA81E47E265E71B500C9F732 /* OpenSourceNotices.json in Resources */,
				CEA6D6F3261F8D2700715333 /* Main.storyboard in Resources */,
				5CEA55BE26E9EAF000269702 /* awesome.ttf in Resources */,
				CE345FAC26446694003B457E /* Settings.storyboard in Resources */,
			);
			runOnlyForDeploymentPostprocessing = 0;
		};
		CEA6D6FC261F8D2900715333 /* Resources */ = {
			isa = PBXResourcesBuildPhase;
			buildActionMask = 2147483647;
			files = (
				5CEA55BF26E9EAF000269702 /* awesome.ttf in Resources */,
				D223A7F627396C4A00A05D31 /* context.jsonc in Resources */,
			);
			runOnlyForDeploymentPostprocessing = 0;
		};
		CEA6D707261F8D2900715333 /* Resources */ = {
			isa = PBXResourcesBuildPhase;
			buildActionMask = 2147483647;
			files = (
				5CEA55C026E9EAF000269702 /* awesome.ttf in Resources */,
				D223A7F727396C4B00A05D31 /* context.jsonc in Resources */,
			);
			runOnlyForDeploymentPostprocessing = 0;
		};
/* End PBXResourcesBuildPhase section */

/* Begin PBXShellScriptBuildPhase section */
		CEF91E4D264722D70018888D /* ShellScript */ = {
			isa = PBXShellScriptBuildPhase;
			buildActionMask = 2147483647;
			files = (
			);
			inputFileListPaths = (
			);
			inputPaths = (
			);
			outputFileListPaths = (
			);
			outputPaths = (
			);
			runOnlyForDeploymentPostprocessing = 0;
			shellPath = /bin/sh;
			shellScript = "# Type a script or drag a script file from your workspace to insert its path.\n#if which swiftlint >/dev/null; then\n#  swiftlint\n#else\n#  echo \"warning: SwiftLint not installed, #download from #https://github.com/realm/SwiftLint\"\n#fi\n";
		};
/* End PBXShellScriptBuildPhase section */

/* Begin PBXSourcesBuildPhase section */
		CEA6D6E4261F8D2700715333 /* Sources */ = {
			isa = PBXSourcesBuildPhase;
			buildActionMask = 2147483647;
			files = (
				D2768F7927356C8C006C7E17 /* SharedConstants.swift in Sources */,
				CE13CF0A262DCDDA0070C80E /* CertificateViewerController.swift in Sources */,
				CE37B643263867D700DEE13D /* SecureBackground.swift in Sources */,
				CE8912F52634C60E00CB92AF /* GatewayConnection.swift in Sources */,
				5CA450B426E605710029324E /* DebugManager.swift in Sources */,
				5C2E51282682152F00712521 /* RulesDataManager.swift in Sources */,
				CE8096D9263B07BB00A65AD6 /* UIColor.swift in Sources */,
				CE1D1EF6263597A2004C8919 /* LocalDataManager.swift in Sources */,
				CED2726026398683003D47A9 /* UIFont.swift in Sources */,
				5CEA55C526EF59D600269702 /* ZipManager.swift in Sources */,
				5C696F5C2686670D0005DE71 /* ValueSetsDataManager.swift in Sources */,
				5CA450BA26E7419F0029324E /* DebugSectionCell.swift in Sources */,
				5CA450CA26E7421C0029324E /* DebugValidationCell.swift in Sources */,
				DA79325A265BC00F0043BA06 /* LicenseCell.swift in Sources */,
				CE13CF23262DDF810070C80E /* RoundedButton.swift in Sources */,
				15BF689E2732FAC200552288 /* DataStuctures.swift in Sources */,
				D21581412731719500C98986 /* ValidityState.swift in Sources */,
				D23EF7BB272094CB0097D82B /* ScanCertificateController.swift in Sources */,
				5CA450E726E78DB50029324E /* InfoCellDropDown.swift in Sources */,
				DA793258265BBFB50043BA06 /* LicenseTableController.swift in Sources */,
				5CA450AD26E0F4C20029324E /* DebugCell.swift in Sources */,
				CEA6D6EC261F8D2700715333 /* AppDelegate.swift in Sources */,
				5C696F5A268372280005DE71 /* CertLogicManager.swift in Sources */,
				D2158143273184E200C98986 /* LicenseController.swift in Sources */,
				CE891305263581D900CB92AF /* HomeController.swift in Sources */,
				CE59D1B626428D78004EBDD6 /* SettingsController.swift in Sources */,
				5CA450A626E0BA640029324E /* DebugController.swift in Sources */,
				5C2E51262681E50700712521 /* CountryDataManager.swift in Sources */,
				D215814527329C9400C98986 /* DataCenter.swift in Sources */,
				5CA4509C26DCCA770029324E /* NFCHelper.swift in Sources */,
				D23EF7AD272068D80097D82B /* CertificateValidator.swift in Sources */,
				D2B87DA4272C30FA00B0BE19 /* HCertValidity+UIKit.swift in Sources */,
				5CE07C8926938DE700A032F9 /* RuleErrorCell.swift in Sources */,
				5CA450C226E741BB0029324E /* DebugRawCell.swift in Sources */,
				5CA450DF26E78D990029324E /* InfoCell.swift in Sources */,
				CEA6D6EE261F8D2700715333 /* SceneDelegate.swift in Sources */,
				5CA450D126E74B000029324E /* DebugSectionModel.swift in Sources */,
			);
			runOnlyForDeploymentPostprocessing = 0;
		};
		CEA6D6FA261F8D2900715333 /* Sources */ = {
			isa = PBXSourcesBuildPhase;
			buildActionMask = 2147483647;
			files = (
				D23EF7B027206B280097D82B /* CertificateValidator.swift in Sources */,
				5CA450BB26E7419F0029324E /* DebugSectionCell.swift in Sources */,
				15BF68A02733D46A00552288 /* HomeController.swift in Sources */,
				5CA450A726E0BA640029324E /* DebugController.swift in Sources */,
				5CA4509D26DCCA770029324E /* NFCHelper.swift in Sources */,
				5CA450D226E74B000029324E /* DebugSectionModel.swift in Sources */,
				5CE07C8A26938DE700A032F9 /* RuleErrorCell.swift in Sources */,
				CEA6D703261F8D2900715333 /* DGCAVerifierTests.swift in Sources */,
				5CA450CB26E7421C0029324E /* DebugValidationCell.swift in Sources */,
				D2B70B03271DAC20003B0AA6 /* UIFont.swift in Sources */,
				D2B70B01271DAC17003B0AA6 /* UIColor.swift in Sources */,
				5CEA55C626EF5D3B00269702 /* ZipManager.swift in Sources */,
				D23EF7A8272067E00097D82B /* LocalDataManager.swift in Sources */,
				5C2E51292682152F00712521 /* RulesDataManager.swift in Sources */,
				5CA450C326E741BB0029324E /* DebugRawCell.swift in Sources */,
				CEFAD87F262714C4009AFEF9 /* EHNTests.swift in Sources */,
				5CA450AE26E0F4C20029324E /* DebugCell.swift in Sources */,
				D23EF79E272026A90097D82B /* CountryDataManager.swift in Sources */,
				D23EF7AA272067F80097D82B /* ValueSetsDataManager.swift in Sources */,
				5CA450E826E78DB50029324E /* InfoCellDropDown.swift in Sources */,
				5CA450B526E605710029324E /* DebugManager.swift in Sources */,
				5CA450E026E78D990029324E /* InfoCell.swift in Sources */,
			);
			runOnlyForDeploymentPostprocessing = 0;
		};
		CEA6D705261F8D2900715333 /* Sources */ = {
			isa = PBXSourcesBuildPhase;
			buildActionMask = 2147483647;
			files = (
				5CA450CC26E7421C0029324E /* DebugValidationCell.swift in Sources */,
				5CEA55C726EF5D3B00269702 /* ZipManager.swift in Sources */,
				15BF68A12733D46D00552288 /* HomeController.swift in Sources */,
				CEA6D70E261F8D2900715333 /* DGCAVerifierUITests.swift in Sources */,
				5CA450BC26E7419F0029324E /* DebugSectionCell.swift in Sources */,
				D23EF7AB272067F80097D82B /* ValueSetsDataManager.swift in Sources */,
				5CA4509E26DCCA770029324E /* NFCHelper.swift in Sources */,
				5CE07C8B26938DE700A032F9 /* RuleErrorCell.swift in Sources */,
				5CA450B626E605710029324E /* DebugManager.swift in Sources */,
				5CA450C426E741BB0029324E /* DebugRawCell.swift in Sources */,
				D2B70B04271DAC20003B0AA6 /* UIFont.swift in Sources */,
				5C2E512A2682152F00712521 /* RulesDataManager.swift in Sources */,
				5CA450E126E78D990029324E /* InfoCell.swift in Sources */,
				D23EF7B127206B290097D82B /* CertificateValidator.swift in Sources */,
				5CA450E926E78DB50029324E /* InfoCellDropDown.swift in Sources */,
				D23EF7A9272067E00097D82B /* LocalDataManager.swift in Sources */,
				D2B70B02271DAC17003B0AA6 /* UIColor.swift in Sources */,
				D23EF79F272026AA0097D82B /* CountryDataManager.swift in Sources */,
				5CA450A826E0BA640029324E /* DebugController.swift in Sources */,
				5CA450AF26E0F4C20029324E /* DebugCell.swift in Sources */,
				5CA450D326E74B000029324E /* DebugSectionModel.swift in Sources */,
			);
			runOnlyForDeploymentPostprocessing = 0;
		};
/* End PBXSourcesBuildPhase section */

/* Begin PBXTargetDependency section */
		CEA6D700261F8D2900715333 /* PBXTargetDependency */ = {
			isa = PBXTargetDependency;
			target = CEA6D6E7261F8D2700715333 /* DGCAVerifier */;
			targetProxy = CEA6D6FF261F8D2900715333 /* PBXContainerItemProxy */;
		};
		CEA6D70B261F8D2900715333 /* PBXTargetDependency */ = {
			isa = PBXTargetDependency;
			target = CEA6D6E7261F8D2700715333 /* DGCAVerifier */;
			targetProxy = CEA6D70A261F8D2900715333 /* PBXContainerItemProxy */;
		};
/* End PBXTargetDependency section */

/* Begin PBXVariantGroup section */
		CE345FAE26446694003B457E /* Settings.storyboard */ = {
			isa = PBXVariantGroup;
			children = (
				CE345FAD26446694003B457E /* Base */,
			);
			name = Settings.storyboard;
			sourceTree = "<group>";
		};
		CE345FB1264466AA003B457E /* CertificateViewer.storyboard */ = {
			isa = PBXVariantGroup;
			children = (
				CE345FB0264466AA003B457E /* Base */,
			);
			name = CertificateViewer.storyboard;
			sourceTree = "<group>";
		};
		CE345FB626446817003B457E /* Localizable.strings */ = {
			isa = PBXVariantGroup;
			children = (
				CE345FB526446817003B457E /* en */,
			);
			name = Localizable.strings;
			sourceTree = "<group>";
		};
		CEA6D6F1261F8D2700715333 /* Main.storyboard */ = {
			isa = PBXVariantGroup;
			children = (
				CEA6D6F2261F8D2700715333 /* Base */,
			);
			name = Main.storyboard;
			sourceTree = "<group>";
		};
		CEA6D6F6261F8D2900715333 /* LaunchScreen.storyboard */ = {
			isa = PBXVariantGroup;
			children = (
				CEA6D6F7261F8D2900715333 /* Base */,
			);
			name = LaunchScreen.storyboard;
			sourceTree = "<group>";
		};
/* End PBXVariantGroup section */

/* Begin XCBuildConfiguration section */
		CEA6D710261F8D2900715333 /* Debug */ = {
			isa = XCBuildConfiguration;
			buildSettings = {
				ALWAYS_SEARCH_USER_PATHS = NO;
				CLANG_ANALYZER_NONNULL = YES;
				CLANG_ANALYZER_NUMBER_OBJECT_CONVERSION = YES_AGGRESSIVE;
				CLANG_CXX_LANGUAGE_STANDARD = "gnu++14";
				CLANG_CXX_LIBRARY = "libc++";
				CLANG_ENABLE_MODULES = YES;
				CLANG_ENABLE_OBJC_ARC = YES;
				CLANG_ENABLE_OBJC_WEAK = YES;
				CLANG_WARN_BLOCK_CAPTURE_AUTORELEASING = YES;
				CLANG_WARN_BOOL_CONVERSION = YES;
				CLANG_WARN_COMMA = YES;
				CLANG_WARN_CONSTANT_CONVERSION = YES;
				CLANG_WARN_DEPRECATED_OBJC_IMPLEMENTATIONS = YES;
				CLANG_WARN_DIRECT_OBJC_ISA_USAGE = YES_ERROR;
				CLANG_WARN_DOCUMENTATION_COMMENTS = YES;
				CLANG_WARN_EMPTY_BODY = YES;
				CLANG_WARN_ENUM_CONVERSION = YES;
				CLANG_WARN_INFINITE_RECURSION = YES;
				CLANG_WARN_INT_CONVERSION = YES;
				CLANG_WARN_NON_LITERAL_NULL_CONVERSION = YES;
				CLANG_WARN_OBJC_IMPLICIT_RETAIN_SELF = YES;
				CLANG_WARN_OBJC_LITERAL_CONVERSION = YES;
				CLANG_WARN_OBJC_ROOT_CLASS = YES_ERROR;
				CLANG_WARN_QUOTED_INCLUDE_IN_FRAMEWORK_HEADER = YES;
				CLANG_WARN_RANGE_LOOP_ANALYSIS = YES;
				CLANG_WARN_STRICT_PROTOTYPES = YES;
				CLANG_WARN_SUSPICIOUS_MOVE = YES;
				CLANG_WARN_UNGUARDED_AVAILABILITY = YES_AGGRESSIVE;
				CLANG_WARN_UNREACHABLE_CODE = YES;
				CLANG_WARN__DUPLICATE_METHOD_MATCH = YES;
				COPY_PHASE_STRIP = NO;
				DEBUG_INFORMATION_FORMAT = dwarf;
				ENABLE_STRICT_OBJC_MSGSEND = YES;
				ENABLE_TESTABILITY = YES;
				GCC_C_LANGUAGE_STANDARD = gnu11;
				GCC_DYNAMIC_NO_PIC = NO;
				GCC_NO_COMMON_BLOCKS = YES;
				GCC_OPTIMIZATION_LEVEL = 0;
				GCC_PREPROCESSOR_DEFINITIONS = (
					"DEBUG=1",
					"$(inherited)",
				);
				GCC_WARN_64_TO_32_BIT_CONVERSION = YES;
				GCC_WARN_ABOUT_RETURN_TYPE = YES_ERROR;
				GCC_WARN_UNDECLARED_SELECTOR = YES;
				GCC_WARN_UNINITIALIZED_AUTOS = YES_AGGRESSIVE;
				GCC_WARN_UNUSED_FUNCTION = YES;
				GCC_WARN_UNUSED_VARIABLE = YES;
				IPHONEOS_DEPLOYMENT_TARGET = 12.1;
				MTL_ENABLE_DEBUG_INFO = INCLUDE_SOURCE;
				MTL_FAST_MATH = YES;
				ONLY_ACTIVE_ARCH = YES;
				SDKROOT = iphoneos;
				SWIFT_ACTIVE_COMPILATION_CONDITIONS = DEBUG;
				SWIFT_OPTIMIZATION_LEVEL = "-Onone";
			};
			name = Debug;
		};
		CEA6D711261F8D2900715333 /* Release */ = {
			isa = XCBuildConfiguration;
			buildSettings = {
				ALWAYS_SEARCH_USER_PATHS = NO;
				CLANG_ANALYZER_NONNULL = YES;
				CLANG_ANALYZER_NUMBER_OBJECT_CONVERSION = YES_AGGRESSIVE;
				CLANG_CXX_LANGUAGE_STANDARD = "gnu++14";
				CLANG_CXX_LIBRARY = "libc++";
				CLANG_ENABLE_MODULES = YES;
				CLANG_ENABLE_OBJC_ARC = YES;
				CLANG_ENABLE_OBJC_WEAK = YES;
				CLANG_WARN_BLOCK_CAPTURE_AUTORELEASING = YES;
				CLANG_WARN_BOOL_CONVERSION = YES;
				CLANG_WARN_COMMA = YES;
				CLANG_WARN_CONSTANT_CONVERSION = YES;
				CLANG_WARN_DEPRECATED_OBJC_IMPLEMENTATIONS = YES;
				CLANG_WARN_DIRECT_OBJC_ISA_USAGE = YES_ERROR;
				CLANG_WARN_DOCUMENTATION_COMMENTS = YES;
				CLANG_WARN_EMPTY_BODY = YES;
				CLANG_WARN_ENUM_CONVERSION = YES;
				CLANG_WARN_INFINITE_RECURSION = YES;
				CLANG_WARN_INT_CONVERSION = YES;
				CLANG_WARN_NON_LITERAL_NULL_CONVERSION = YES;
				CLANG_WARN_OBJC_IMPLICIT_RETAIN_SELF = YES;
				CLANG_WARN_OBJC_LITERAL_CONVERSION = YES;
				CLANG_WARN_OBJC_ROOT_CLASS = YES_ERROR;
				CLANG_WARN_QUOTED_INCLUDE_IN_FRAMEWORK_HEADER = YES;
				CLANG_WARN_RANGE_LOOP_ANALYSIS = YES;
				CLANG_WARN_STRICT_PROTOTYPES = YES;
				CLANG_WARN_SUSPICIOUS_MOVE = YES;
				CLANG_WARN_UNGUARDED_AVAILABILITY = YES_AGGRESSIVE;
				CLANG_WARN_UNREACHABLE_CODE = YES;
				CLANG_WARN__DUPLICATE_METHOD_MATCH = YES;
				COPY_PHASE_STRIP = NO;
				DEBUG_INFORMATION_FORMAT = "dwarf-with-dsym";
				ENABLE_NS_ASSERTIONS = NO;
				ENABLE_STRICT_OBJC_MSGSEND = YES;
				GCC_C_LANGUAGE_STANDARD = gnu11;
				GCC_NO_COMMON_BLOCKS = YES;
				GCC_WARN_64_TO_32_BIT_CONVERSION = YES;
				GCC_WARN_ABOUT_RETURN_TYPE = YES_ERROR;
				GCC_WARN_UNDECLARED_SELECTOR = YES;
				GCC_WARN_UNINITIALIZED_AUTOS = YES_AGGRESSIVE;
				GCC_WARN_UNUSED_FUNCTION = YES;
				GCC_WARN_UNUSED_VARIABLE = YES;
				IPHONEOS_DEPLOYMENT_TARGET = 12.1;
				MTL_ENABLE_DEBUG_INFO = NO;
				MTL_FAST_MATH = YES;
				SDKROOT = iphoneos;
				SWIFT_COMPILATION_MODE = wholemodule;
				SWIFT_OPTIMIZATION_LEVEL = "-O";
				VALIDATE_PRODUCT = YES;
			};
			name = Release;
		};
		CEA6D713261F8D2900715333 /* Debug */ = {
			isa = XCBuildConfiguration;
			buildSettings = {
				ASSETCATALOG_COMPILER_APPICON_NAME = AppIcon;
				ASSETCATALOG_COMPILER_GLOBAL_ACCENT_COLOR_NAME = AccentColor;
				CODE_SIGN_ENTITLEMENTS = DGCAVerifier/DGCAVerifier.entitlements;
				CODE_SIGN_IDENTITY = "iPhone Distribution";
				CODE_SIGN_STYLE = Manual;
				CURRENT_PROJECT_VERSION = 11;
				DEVELOPMENT_TEAM = 9FH6TNGWF2;
				INFOPLIST_FILE = DGCAVerifier/SupportingFiles/Info.plist;
				IPHONEOS_DEPLOYMENT_TARGET = 12.1;
				LD_RUNPATH_SEARCH_PATHS = (
					"$(inherited)",
					"@executable_path/Frameworks",
				);
				MARKETING_VERSION = 1.2.3;
				PRODUCT_BUNDLE_IDENTIFIER = "com.t-systems.pu-ds.dgca.verifier.dev";
				PRODUCT_NAME = "$(TARGET_NAME)";
				PROVISIONING_PROFILE_SPECIFIER = "Digital Green Certificate Verifier";
				SWIFT_VERSION = 5.0;
				TARGETED_DEVICE_FAMILY = 1;
			};
			name = Debug;
		};
		CEA6D714261F8D2900715333 /* Release */ = {
			isa = XCBuildConfiguration;
			buildSettings = {
				ASSETCATALOG_COMPILER_APPICON_NAME = AppIcon;
				ASSETCATALOG_COMPILER_GLOBAL_ACCENT_COLOR_NAME = AccentColor;
				CODE_SIGN_ENTITLEMENTS = DGCAVerifier/DGCAVerifier.entitlements;
				CODE_SIGN_IDENTITY = "iPhone Distribution";
				CODE_SIGN_STYLE = Manual;
				CURRENT_PROJECT_VERSION = 11;
				DEVELOPMENT_TEAM = 9FH6TNGWF2;
				INFOPLIST_FILE = DGCAVerifier/SupportingFiles/Info.plist;
				IPHONEOS_DEPLOYMENT_TARGET = 12.1;
				LD_RUNPATH_SEARCH_PATHS = (
					"$(inherited)",
					"@executable_path/Frameworks",
				);
				MARKETING_VERSION = 1.2.3;
				PRODUCT_BUNDLE_IDENTIFIER = "com.t-systems.pu-ds.dgca.verifier.dev";
				PRODUCT_NAME = "$(TARGET_NAME)";
				PROVISIONING_PROFILE_SPECIFIER = "Digital Green Certificate Verifier";
				SWIFT_VERSION = 5.0;
				TARGETED_DEVICE_FAMILY = 1;
			};
			name = Release;
		};
		CEA6D716261F8D2900715333 /* Debug */ = {
			isa = XCBuildConfiguration;
			buildSettings = {
				ALWAYS_EMBED_SWIFT_STANDARD_LIBRARIES = YES;
				BUNDLE_LOADER = "$(TEST_HOST)";
				CODE_SIGN_STYLE = Automatic;
				DEVELOPMENT_TEAM = KH99XNF745;
				INFOPLIST_FILE = DGCAVerifier/SupportingFiles/Info.plist;
				IPHONEOS_DEPLOYMENT_TARGET = 14.4;
				LD_RUNPATH_SEARCH_PATHS = (
					"$(inherited)",
					"@executable_path/Frameworks",
					"@loader_path/Frameworks",
				);
				PRODUCT_BUNDLE_IDENTIFIER = "com.t-systems.DGCAVerifierTests.dev";
				PRODUCT_NAME = "$(TARGET_NAME)";
				SWIFT_VERSION = 5.0;
				TARGETED_DEVICE_FAMILY = "1,2";
				TEST_HOST = "$(BUILT_PRODUCTS_DIR)/DGCAVerifier.app/DGCAVerifier";
			};
			name = Debug;
		};
		CEA6D717261F8D2900715333 /* Release */ = {
			isa = XCBuildConfiguration;
			buildSettings = {
				ALWAYS_EMBED_SWIFT_STANDARD_LIBRARIES = YES;
				BUNDLE_LOADER = "$(TEST_HOST)";
				CODE_SIGN_STYLE = Automatic;
				DEVELOPMENT_TEAM = KH99XNF745;
				INFOPLIST_FILE = DGCAVerifier/SupportingFiles/Info.plist;
				IPHONEOS_DEPLOYMENT_TARGET = 14.4;
				LD_RUNPATH_SEARCH_PATHS = (
					"$(inherited)",
					"@executable_path/Frameworks",
					"@loader_path/Frameworks",
				);
				PRODUCT_BUNDLE_IDENTIFIER = "com.t-systems.DGCAVerifierTests.dev";
				PRODUCT_NAME = "$(TARGET_NAME)";
				SWIFT_VERSION = 5.0;
				TARGETED_DEVICE_FAMILY = "1,2";
				TEST_HOST = "$(BUILT_PRODUCTS_DIR)/DGCAVerifier.app/DGCAVerifier";
			};
			name = Release;
		};
		CEA6D719261F8D2900715333 /* Debug */ = {
			isa = XCBuildConfiguration;
			buildSettings = {
				ALWAYS_EMBED_SWIFT_STANDARD_LIBRARIES = YES;
				CODE_SIGN_STYLE = Automatic;
				DEVELOPMENT_TEAM = KH99XNF745;
				INFOPLIST_FILE = DGCAVerifierUITests/Info.plist;
				LD_RUNPATH_SEARCH_PATHS = (
					"$(inherited)",
					"@executable_path/Frameworks",
					"@loader_path/Frameworks",
				);
				PRODUCT_BUNDLE_IDENTIFIER = "com.t-systems.DGCAVerifierUITests.dev";
				PRODUCT_NAME = "$(TARGET_NAME)";
				SWIFT_VERSION = 5.0;
				TARGETED_DEVICE_FAMILY = "1,2";
				TEST_TARGET_NAME = DGCAVerifier;
			};
			name = Debug;
		};
		CEA6D71A261F8D2900715333 /* Release */ = {
			isa = XCBuildConfiguration;
			buildSettings = {
				ALWAYS_EMBED_SWIFT_STANDARD_LIBRARIES = YES;
				CODE_SIGN_STYLE = Automatic;
				DEVELOPMENT_TEAM = KH99XNF745;
				INFOPLIST_FILE = DGCAVerifierUITests/Info.plist;
				LD_RUNPATH_SEARCH_PATHS = (
					"$(inherited)",
					"@executable_path/Frameworks",
					"@loader_path/Frameworks",
				);
				PRODUCT_BUNDLE_IDENTIFIER = "com.t-systems.DGCAVerifierUITests.dev";
				PRODUCT_NAME = "$(TARGET_NAME)";
				SWIFT_VERSION = 5.0;
				TARGETED_DEVICE_FAMILY = "1,2";
				TEST_TARGET_NAME = DGCAVerifier;
			};
			name = Release;
		};
/* End XCBuildConfiguration section */

/* Begin XCConfigurationList section */
		CEA6D6E3261F8D2700715333 /* Build configuration list for PBXProject "DGCAVerifier" */ = {
			isa = XCConfigurationList;
			buildConfigurations = (
				CEA6D710261F8D2900715333 /* Debug */,
				CEA6D711261F8D2900715333 /* Release */,
			);
			defaultConfigurationIsVisible = 0;
			defaultConfigurationName = Release;
		};
		CEA6D712261F8D2900715333 /* Build configuration list for PBXNativeTarget "DGCAVerifier" */ = {
			isa = XCConfigurationList;
			buildConfigurations = (
				CEA6D713261F8D2900715333 /* Debug */,
				CEA6D714261F8D2900715333 /* Release */,
			);
			defaultConfigurationIsVisible = 0;
			defaultConfigurationName = Release;
		};
		CEA6D715261F8D2900715333 /* Build configuration list for PBXNativeTarget "DGCAVerifierTests" */ = {
			isa = XCConfigurationList;
			buildConfigurations = (
				CEA6D716261F8D2900715333 /* Debug */,
				CEA6D717261F8D2900715333 /* Release */,
			);
			defaultConfigurationIsVisible = 0;
			defaultConfigurationName = Release;
		};
		CEA6D718261F8D2900715333 /* Build configuration list for PBXNativeTarget "DGCAVerifierUITests" */ = {
			isa = XCConfigurationList;
			buildConfigurations = (
				CEA6D719261F8D2900715333 /* Debug */,
				CEA6D71A261F8D2900715333 /* Release */,
			);
			defaultConfigurationIsVisible = 0;
			defaultConfigurationName = Release;
		};
/* End XCConfigurationList section */

/* Begin XCRemoteSwiftPackageReference section */
		5C3151E72681BDCF00309E45 /* XCRemoteSwiftPackageReference "dgc-certlogic-ios" */ = {
			isa = XCRemoteSwiftPackageReference;
			repositoryURL = "https://github.com/eu-digital-green-certificates/dgc-certlogic-ios";
			requirement = {
				branch = main;
				kind = branch;
			};
		};
		5C696F5626836F280005DE71 /* XCRemoteSwiftPackageReference "SwiftyJSON" */ = {
			isa = XCRemoteSwiftPackageReference;
			repositoryURL = "https://github.com/SwiftyJSON/SwiftyJSON.git";
			requirement = {
				kind = upToNextMajorVersion;
				minimumVersion = 5.0.0;
			};
		};
		5CAC4433268A584400E09EAC /* XCRemoteSwiftPackageReference "dgca-app-core-ios" */ = {
			isa = XCRemoteSwiftPackageReference;
			repositoryURL = "https://github.com/eu-digital-green-certificates/dgca-app-core-ios.git";
			requirement = {
				branch = main;
				kind = branch;
			};
		};
		CE713CD02651A65F003DD1DE /* XCRemoteSwiftPackageReference "dgca-app-core-ios" */ = {
			isa = XCRemoteSwiftPackageReference;
			repositoryURL = "https://github.com/eu-digital-green-certificates/dgca-app-core-ios";
			requirement = {
				branch = main;
				kind = branch;
			};
		};
		CE8912F92634C6B900CB92AF /* XCRemoteSwiftPackageReference "Alamofire" */ = {
			isa = XCRemoteSwiftPackageReference;
			repositoryURL = "https://github.com/Alamofire/Alamofire";
			requirement = {
				kind = upToNextMajorVersion;
				minimumVersion = 5.4.3;
			};
		};
		FEAAF97726EF2B3500757634 /* XCRemoteSwiftPackageReference "Zip" */ = {
			isa = XCRemoteSwiftPackageReference;
			repositoryURL = "https://github.com/marmelroy/Zip.git";
			requirement = {
				kind = upToNextMinorVersion;
				minimumVersion = 2.1.1;
			};
		};
/* End XCRemoteSwiftPackageReference section */

/* Begin XCSwiftPackageProductDependency section */
		5C3151E82681BDCF00309E45 /* CertLogic */ = {
			isa = XCSwiftPackageProductDependency;
			package = 5C3151E72681BDCF00309E45 /* XCRemoteSwiftPackageReference "dgc-certlogic-ios" */;
			productName = CertLogic;
		};
		5C696F5726836F280005DE71 /* SwiftyJSON */ = {
			isa = XCSwiftPackageProductDependency;
			package = 5C696F5626836F280005DE71 /* XCRemoteSwiftPackageReference "SwiftyJSON" */;
			productName = SwiftyJSON;
		};
		5CAC4434268A584400E09EAC /* SwiftDGC */ = {
			isa = XCSwiftPackageProductDependency;
			package = 5CAC4433268A584400E09EAC /* XCRemoteSwiftPackageReference "dgca-app-core-ios" */;
			productName = SwiftDGC;
		};
		CE713CD12651A65F003DD1DE /* SwiftDGC */ = {
			isa = XCSwiftPackageProductDependency;
			package = CE713CD02651A65F003DD1DE /* XCRemoteSwiftPackageReference "dgca-app-core-ios" */;
			productName = SwiftDGC;
		};
		CE8912FA2634C6B900CB92AF /* Alamofire */ = {
			isa = XCSwiftPackageProductDependency;
			package = CE8912F92634C6B900CB92AF /* XCRemoteSwiftPackageReference "Alamofire" */;
			productName = Alamofire;
		};
		FEAAF97826EF2B3500757634 /* Zip */ = {
			isa = XCSwiftPackageProductDependency;
			package = FEAAF97726EF2B3500757634 /* XCRemoteSwiftPackageReference "Zip" */;
			productName = Zip;
		};
/* End XCSwiftPackageProductDependency section */
	};
	rootObject = CEA6D6E0261F8D2700715333 /* Project object */;
}
