{
  "object": {
    "pins": [
      {
        "package": "CryptorECC",
        "repositoryURL": "https://github.com/Kitura/BlueECC",
        "state": {
          "branch": null,
          "revision": "baf6ed3fc1a622675f0041b4aff7c02dd1a93818",
          "version": "1.2.200"
        }
      },
      {
        "package": "OpenSSL",
        "repositoryURL": "https://github.com/IBM-Swift/OpenSSL.git",
        "state": {
          "branch": null,
          "revision": "80b04f33b086fc90e28d9ae159d43705fb348e16",
          "version": "2.2.200"
        }
      },
      {
        "package": "SwiftJWKtoPEM",
        "repositoryURL": "https://github.com/ibm-cloud-security/Swift-JWK-to-PEM",
        "state": {
          "branch": null,
          "revision": "b18e2af1392bb84f1cde83b1e00847051c9fdda6",
          "version": "0.4.0"
        }
      },
      {
        "package": "SwiftCBOR",
        "repositoryURL": "https://github.com/unrelentingtech/SwiftCBOR",
        "state": {
          "branch": null,
          "revision": "668c26fc3373d5f1bccbaad7665ca6048797e324",
          "version": "0.4.3"
        }
      }
    ]
  },
  "version": 1
}
