{
  "pins" : [
    {
      "identity" : "alamofire",
      "kind" : "remoteSourceControl",
      "location" : "https://github.com/Alamofire/Alamofire",
      "state" : {
        "revision" : "8dd85aee02e39dd280c75eef88ffdb86eed4b07b",
        "version" : "5.6.2"
      }
    },
    {
      "identity" : "asn1decoder",
      "kind" : "remoteSourceControl",
      "location" : "https://github.com/filom/ASN1Decoder",
      "state" : {
        "revision" : "65953a42a0f039f53c73e48fd88c02809f7db607",
        "version" : "1.8.0"
      }
    },
    {
      "identity" : "bigint",
      "kind" : "remoteSourceControl",
      "location" : "https://github.com/leif-ibsen/BigInt",
      "state" : {
        "revision" : "b72c765c800800279a723cddd8d5ed35f803d07a",
        "version" : "1.5.1"
      }
    },
    {
      "identity" : "bitbytedata",
      "kind" : "remoteSourceControl",
      "location" : "https://github.com/tsolomko/BitByteData",
      "state" : {
        "revision" : "c119e12decae8f56066df3345a4ac1a05b2f06d5",
        "version" : "2.0.1"
      }
    },
    {
      "identity" : "chronometer",
      "kind" : "remoteSourceControl",
      "location" : "https://github.com/KittyMac/Chronometer.git",
      "state" : {
        "revision" : "1360b46bfa6eecbdedd24590b95f97d3e59dc027",
        "version" : "0.1.6"
      }
    },
    {
      "identity" : "cryptoswift",
      "kind" : "remoteSourceControl",
      "location" : "https://github.com/krzyzanowskim/CryptoSwift",
      "state" : {
        "revision" : "039f56c5d7960f277087a0be51f5eb04ed0ec073",
        "version" : "1.5.1"
      }
    },
    {
      "identity" : "dgc-bloomfilter-ios",
      "kind" : "remoteSourceControl",
      "location" : "https://github.com/eu-digital-green-certificates/dgc-bloomfilter-ios.git",
      "state" : {
        "branch" : "main",
        "revision" : "966b500e10f55b780c1bd93addf76dc36903c155"
      }
    },
    {
      "identity" : "dgc-certlogic-ios",
      "kind" : "remoteSourceControl",
      "location" : "https://github.com/eu-digital-green-certificates/dgc-certlogic-ios",
      "state" : {
        "revision" : "448d9d4d1237cfe3cccfc05483ba12f339df883e",
        "version" : "1.3.2"
      }
    },
    {
      "identity" : "dgc-sh-inspection-ios",
      "kind" : "remoteSourceControl",
      "location" : "https://github.com/eu-digital-green-certificates/dgc-sh-inspection-ios.git",
      "state" : {
        "branch" : "main",
        "revision" : "2a3572d13a9af92578136bb228ff4d7e5455b77b"
      }
    },
    {
      "identity" : "dgca-partialvarhashfilter-ios",
      "kind" : "remoteSourceControl",
      "location" : "https://github.com/eu-digital-green-certificates/dgca-partialvarhashfilter-ios.git",
      "state" : {
        "branch" : "main",
        "revision" : "723a2f636b31aa100fb76c31bd86a5c8ea4dfcf3"
      }
    },
    {
      "identity" : "dgca-verification-center-ios",
      "kind" : "remoteSourceControl",
      "location" : "https://github.com/eu-digital-green-certificates/dgca-verification-center-ios.git",
      "state" : {
        "branch" : "main",
        "revision" : "d9d8534f3ba5ccf624dea41de1ac835bf306354a"
      }
    },
    {
      "identity" : "dgca-verification-core-library-ios",
      "kind" : "remoteSourceControl",
      "location" : "https://github.com/eu-digital-green-certificates/dgca-verification-core-library-ios.git",
      "state" : {
        "branch" : "main",
        "revision" : "1c8e2bc0010bd7df4b724701a42cf9aa2b706c5e"
      }
    },
    {
      "identity" : "dgca-verification-dcc-inspection-ios",
      "kind" : "remoteSourceControl",
      "location" : "https://github.com/eu-digital-green-certificates/dgca-verification-dcc-inspection-ios.git",
      "state" : {
        "branch" : "main",
        "revision" : "a38ca5edd5d57899623ae174947e6d56afc42439"
      }
    },
    {
      "identity" : "hitch",
      "kind" : "remoteSourceControl",
      "location" : "https://github.com/KittyMac/Hitch.git",
      "state" : {
        "revision" : "6c4eeb3a675c5649a27e51a8dfd67ab0439357d1",
        "version" : "0.4.48"
      }
    },
    {
      "identity" : "joseswift",
      "kind" : "remoteSourceControl",
      "location" : "https://github.com/airsidemobile/JOSESwift.git",
      "state" : {
        "branch" : "master",
        "revision" : "6db0244a2bc69807a397f7bcef417924e51551b3"
      }
    },
    {
      "identity" : "json-logic-swift",
      "kind" : "remoteSourceControl",
      "location" : "https://github.com/eu-digital-green-certificates/json-logic-swift.git",
      "state" : {
        "revision" : "10580f69c911df26736ebf31b4eaf629f2972d10",
        "version" : "1.2.4"
      }
    },
    {
      "identity" : "jsonschema.swift",
      "kind" : "remoteSourceControl",
      "location" : "https://github.com/eu-digital-green-certificates/JSONSchema.swift",
      "state" : {
        "branch" : "master",
        "revision" : "addef0a5c7ed181d877f1fdfde1e3fc1c6c28cfe"
      }
    },
    {
      "identity" : "jwtdecode.swift",
      "kind" : "remoteSourceControl",
      "location" : "https://github.com/auth0/JWTDecode.swift.git",
      "state" : {
        "revision" : "3cd207fb9e943b6168a117baa3936c823204c2dc",
        "version" : "2.6.3"
      }
    },
    {
      "identity" : "pathkit",
      "kind" : "remoteSourceControl",
      "location" : "https://github.com/kylef/PathKit.git",
      "state" : {
        "revision" : "3bfd2737b700b9a36565a8c94f4ad2b050a5e574",
        "version" : "1.0.1"
      }
    },
    {
      "identity" : "sextant",
      "kind" : "remoteSourceControl",
      "location" : "https://github.com/KittyMac/Sextant.git",
      "state" : {
        "revision" : "7080eaf2f5173fa97349d97aed73966387beb799",
        "version" : "0.4.12"
      }
    },
    {
      "identity" : "spanker",
      "kind" : "remoteSourceControl",
      "location" : "https://github.com/KittyMac/Spanker.git",
      "state" : {
        "revision" : "c383c78d988f925d071b0f204e4591c8a198843e",
        "version" : "0.2.27"
      }
    },
    {
      "identity" : "spectre",
      "kind" : "remoteSourceControl",
      "location" : "https://github.com/kylef/Spectre.git",
      "state" : {
        "revision" : "d02129a9af77729de049d328dd61e530b6f2bb2b"
      }
    },
    {
      "identity" : "swcompression",
      "kind" : "remoteSourceControl",
      "location" : "https://github.com/tsolomko/SWCompression.git",
      "state" : {
        "revision" : "0714d4421e1fa1e02af51cd8e615417a95f0d230",
        "version" : "4.8.1"
      }
    },
    {
      "identity" : "swiftcbor",
      "kind" : "remoteSourceControl",
      "location" : "https://github.com/eu-digital-green-certificates/SwiftCBOR",
      "state" : {
        "branch" : "master",
        "revision" : "0209a2d1a30b1b42334c4ad3f8bd221b977b2273"
      }
    },
    {
      "identity" : "swiftpath",
      "kind" : "remoteSourceControl",
      "location" : "https://github.com/g-mark/SwiftPath.git",
      "state" : {
        "branch" : "develop",
        "revision" : "63e6b808696af7f97db729b571c78830afbf925b"
      }
    },
    {
      "identity" : "swiftyjson",
      "kind" : "remoteSourceControl",
      "location" : "https://github.com/SwiftyJSON/SwiftyJSON",
      "state" : {
        "revision" : "b3dcd7dbd0d488e1a7077cb33b00f2083e382f07",
        "version" : "5.0.1"
      }
    }
  ],
  "version" : 2
}
