{
  "pins" : [
    {
      "identity" : "alamofire",
      "kind" : "remoteSourceControl",
      "location" : "https://github.com/Alamofire/Alamofire",
      "state" : {
        "revision" : "354dda32d89fc8cd4f5c46487f64957d355f53d8",
        "version" : "5.6.1"
      }
    },
    {
      "identity" : "asn1decoder",
      "kind" : "remoteSourceControl",
      "location" : "https://github.com/filom/ASN1Decoder",
      "state" : {
        "revision" : "65953a42a0f039f53c73e48fd88c02809f7db607",
        "version" : "1.8.0"
      }
    },
    {
      "identity" : "bigint",
      "kind" : "remoteSourceControl",
      "location" : "https://github.com/leif-ibsen/BigInt",
      "state" : {
        "revision" : "3ff261ecd694009513cd0a260fc03723cc61d32e",
        "version" : "1.2.12"
      }
    },
    {
      "identity" : "bitbytedata",
      "kind" : "remoteSourceControl",
      "location" : "https://github.com/tsolomko/BitByteData",
      "state" : {
        "revision" : "c119e12decae8f56066df3345a4ac1a05b2f06d5",
        "version" : "2.0.1"
      }
    },
    {
      "identity" : "chronometer",
      "kind" : "remoteSourceControl",
      "location" : "https://github.com/KittyMac/Chronometer.git",
      "state" : {
        "revision" : "0a8b65b0265674328d2cbda84c9a7cb21164891f",
        "version" : "0.2.0"
      }
    },
    {
      "identity" : "cryptoswift",
      "kind" : "remoteSourceControl",
      "location" : "https://github.com/krzyzanowskim/CryptoSwift",
      "state" : {
        "revision" : "039f56c5d7960f277087a0be51f5eb04ed0ec073",
        "version" : "1.5.1"
      }
    },
    {
      "identity" : "dgc-bloomfilter-ios",
      "kind" : "remoteSourceControl",
      "location" : "https://github.com/eu-digital-green-certificates/dgc-bloomfilter-ios.git",
      "state" : {
        "branch" : "main",
        "revision" : "966b500e10f55b780c1bd93addf76dc36903c155"
      }
    },
    {
      "identity" : "dgc-certlogic-ios",
      "kind" : "remoteSourceControl",
      "location" : "https://github.com/eu-digital-green-certificates/dgc-certlogic-ios",
      "state" : {
        "branch" : "main",
        "revision" : "c5103a55ca87c9a6189ed4da1fd0d67f07ab5fc9"
      }
    },
    {
      "identity" : "dgc-sh-inspection-ios",
      "kind" : "remoteSourceControl",
      "location" : "https://github.com/eu-digital-green-certificates/dgc-sh-inspection-ios.git",
      "state" : {
        "branch" : "main",
        "revision" : "0fcf15c0517635a97ba631eb6bcdaad45785dc20"
      }
    },
    {
      "identity" : "dgca-partialvarhashfilter-ios",
      "kind" : "remoteSourceControl",
      "location" : "https://github.com/eu-digital-green-certificates/dgca-partialvarhashfilter-ios.git",
      "state" : {
        "branch" : "main",
        "revision" : "723a2f636b31aa100fb76c31bd86a5c8ea4dfcf3"
      }
    },
    {
      "identity" : "dgca-verification-center",
      "kind" : "remoteSourceControl",
      "location" : "https://github.com/eu-digital-green-certificates/dgca-verification-center.git",
      "state" : {
        "branch" : "main",
        "revision" : "8ba593ee3f53bc2e76a6d653880efd6fd2d0c691"
      }
    },
    {
      "identity" : "dgca-verification-core-library-ios",
      "kind" : "remoteSourceControl",
      "location" : "https://github.com/eu-digital-green-certificates/dgca-verification-core-library-ios.git",
      "state" : {
        "branch" : "main",
        "revision" : "16689d86cc2fb2345919de069a55028c0f74cdc1"
      }
    },
    {
      "identity" : "dgca-verification-dcc-inspection-ios",
      "kind" : "remoteSourceControl",
      "location" : "https://github.com/eu-digital-green-certificates/dgca-verification-dcc-inspection-ios.git",
      "state" : {
        "branch" : "main",
        "revision" : "203839970c328bbb512e96d13bb8175b06e3f7c5"
      }
    },
    {
      "identity" : "hitch",
      "kind" : "remoteSourceControl",
      "location" : "https://github.com/KittyMac/Hitch.git",
      "state" : {
        "revision" : "08ebf1181b986718c17ac6088bbc82a0b2cf8438",
        "version" : "0.5.1"
      }
    },
    {
      "identity" : "joseswift",
      "kind" : "remoteSourceControl",
      "location" : "https://github.com/airsidemobile/JOSESwift.git",
      "state" : {
        "branch" : "master",
        "revision" : "6db0244a2bc69807a397f7bcef417924e51551b3"
      }
    },
    {
      "identity" : "json-logic-swift",
      "kind" : "remoteSourceControl",
      "location" : "https://github.com/eu-digital-green-certificates/json-logic-swift.git",
      "state" : {
        "revision" : "e23d2dab87691f03194e755521d0ffd924d64cd6",
        "version" : "1.2.1"
      }
    },
    {
      "identity" : "jsonschema.swift",
      "kind" : "remoteSourceControl",
      "location" : "https://github.com/eu-digital-green-certificates/JSONSchema.swift",
      "state" : {
        "branch" : "master",
        "revision" : "addef0a5c7ed181d877f1fdfde1e3fc1c6c28cfe"
      }
    },
    {
      "identity" : "jwtdecode.swift",
      "kind" : "remoteSourceControl",
      "location" : "https://github.com/auth0/JWTDecode.swift.git",
      "state" : {
        "revision" : "3cd207fb9e943b6168a117baa3936c823204c2dc",
        "version" : "2.6.3"
      }
    },
    {
      "identity" : "pathkit",
      "kind" : "remoteSourceControl",
      "location" : "https://github.com/kylef/PathKit.git",
      "state" : {
        "revision" : "3bfd2737b700b9a36565a8c94f4ad2b050a5e574",
        "version" : "1.0.1"
      }
    },
    {
      "identity" : "sextant",
      "kind" : "remoteSourceControl",
      "location" : "https://github.com/KittyMac/Sextant.git",
      "state" : {
        "branch" : "main",
        "revision" : "66df85ded4001cfb2413bd7d2fb4031cb70a1f43"
      }
    },
    {
      "identity" : "spanker",
      "kind" : "remoteSourceControl",
      "location" : "https://github.com/KittyMac/Spanker.git",
      "state" : {
        "revision" : "7a5c80ae47dc98321700a44edea56acee9d7757e",
        "version" : "0.3.0"
      }
    },
    {
      "identity" : "spectre",
      "kind" : "remoteSourceControl",
      "location" : "https://github.com/kylef/Spectre.git",
      "state" : {
        "revision" : "d02129a9af77729de049d328dd61e530b6f2bb2b"
      }
    },
    {
      "identity" : "swcompression",
      "kind" : "remoteSourceControl",
      "location" : "https://github.com/tsolomko/SWCompression.git",
      "state" : {
        "revision" : "0714d4421e1fa1e02af51cd8e615417a95f0d230",
        "version" : "4.8.1"
      }
    },
    {
      "identity" : "swiftcbor",
      "kind" : "remoteSourceControl",
      "location" : "https://github.com/eu-digital-green-certificates/SwiftCBOR",
      "state" : {
        "branch" : "master",
        "revision" : "0209a2d1a30b1b42334c4ad3f8bd221b977b2273"
      }
    },
    {
      "identity" : "swiftpath",
      "kind" : "remoteSourceControl",
      "location" : "https://github.com/g-mark/SwiftPath.git",
      "state" : {
        "branch" : "develop",
        "revision" : "63e6b808696af7f97db729b571c78830afbf925b"
      }
    },
    {
      "identity" : "swiftyjson",
      "kind" : "remoteSourceControl",
      "location" : "https://github.com/SwiftyJSON/SwiftyJSON",
      "state" : {
        "revision" : "b3dcd7dbd0d488e1a7077cb33b00f2083e382f07",
        "version" : "5.0.1"
      }
    }
  ],
  "version" : 2
}
